
Microsoft Visual Studio Solution File, Format Version 12.00
# Visual Studio Version 17
VisualStudioVersion = 17.8.34004.107
MinimumVisualStudioVersion = 10.0.40219.1
Project("{FAE04EC0-301F-11D3-BF4B-00C04F79EFBC}") = "WebAPI01", "WebAPI01\WebAPI01.csproj", "{DE3639A9-7BDF-445D-B6ED-B064F7F17D55}"
EndProject
Global
	GlobalSection(SolutionConfigurationPlatforms) = preSolution
		Debug|Any CPU = Debug|Any CPU
		Release|Any CPU = Release|Any CPU
	EndGlobalSection
	GlobalSection(ProjectConfigurationPlatforms) = postSolution
		{DE3639A9-7BDF-445D-B6ED-B064F7F17D55}.Debug|Any CPU.ActiveCfg = Debug|Any CPU
		{DE3639A9-7BDF-445D-B6ED-B064F7F17D55}.Debug|Any CPU.Build.0 = Debug|Any CPU
		{DE3639A9-7BDF-445D-B6ED-B064F7F17D55}.Release|Any CPU.ActiveCfg = Release|Any CPU
		{DE3639A9-7BDF-445D-B6ED-B064F7F17D55}.Release|Any CPU.Build.0 = Release|Any CPU
	EndGlobalSection
	GlobalSection(SolutionProperties) = preSolution
		HideSolutionNode = FALSE
	EndGlobalSection
	GlobalSection(ExtensibilityGlobals) = postSolution
		SolutionGuid = {CF9245AC-40DC-4964-9501-411F5A7CE40C}
	EndGlobalSection
EndGlobal
